
Microsoft Visual Studio Solution File, Format Version 12.00
# Visual Studio Version 16
VisualStudioVersion = 25.0.1705.0
MinimumVisualStudioVersion = 10.0.40219.1
Project("{FAE04EC0-301F-11D3-BF4B-00C04F79EFBC}") = "SharelaneAutomation", "SharelaneAutomation.csproj", "{D3924E30-2EED-454C-B631-CDD3B044759D}"
EndProject
Global
	GlobalSection(SolutionConfigurationPlatforms) = preSolution
		Debug|Any CPU = Debug|Any CPU
		Release|Any CPU = Release|Any CPU
	EndGlobalSection
	GlobalSection(ProjectConfigurationPlatforms) = postSolution
		{D3924E30-2EED-454C-B631-CDD3B044759D}.Debug|Any CPU.ActiveCfg = Debug|Any CPU
		{D3924E30-2EED-454C-B631-CDD3B044759D}.Debug|Any CPU.Build.0 = Debug|Any CPU
		{D3924E30-2EED-454C-B631-CDD3B044759D}.Release|Any CPU.ActiveCfg = Release|Any CPU
		{D3924E30-2EED-454C-B631-CDD3B044759D}.Release|Any CPU.Build.0 = Release|Any CPU
	EndGlobalSection
	GlobalSection(SolutionProperties) = preSolution
		HideSolutionNode = FALSE
	EndGlobalSection
	GlobalSection(ExtensibilityGlobals) = postSolution
		SolutionGuid = {80365AAB-948A-415B-A0F8-C0B54FFC7D37}
	EndGlobalSection
EndGlobal
